
Microsoft Visual Studio Solution File, Format Version 12.00
# Visual Studio Version 17
VisualStudioVersion = 17.5.33516.290
MinimumVisualStudioVersion = 10.0.40219.1
Project("{9A19103F-16F7-4668-BE54-9A1E7A4F7556}") = "UI", "UI\UI.csproj", "{6C69BCDF-1252-463B-AFAC-4E2B2016B08A}"
EndProject
Project("{FAE04EC0-301F-11D3-BF4B-00C04F79EFBC}") = "BLL", "BLL\BLL.csproj", "{8005142E-0997-43F9-98DA-CFE3C8B4503D}"
EndProject
Project("{FAE04EC0-301F-11D3-BF4B-00C04F79EFBC}") = "DAL", "DAL\DAL.csproj", "{56136DB4-B287-4669-BABC-9BE9895D5F13}"
EndProject
Project("{FAE04EC0-301F-11D3-BF4B-00C04F79EFBC}") = "Model", "Model\Model.csproj", "{1499D6AB-40DF-4949-B7C3-4B1A02B6BCA2}"
EndProject
Global
	GlobalSection(SolutionConfigurationPlatforms) = preSolution
		Debug|Any CPU = Debug|Any CPU
		Release|Any CPU = Release|Any CPU
	EndGlobalSection
	GlobalSection(ProjectConfigurationPlatforms) = postSolution
		{6C69BCDF-1252-463B-AFAC-4E2B2016B08A}.Debug|Any CPU.ActiveCfg = Debug|Any CPU
		{6C69BCDF-1252-463B-AFAC-4E2B2016B08A}.Debug|Any CPU.Build.0 = Debug|Any CPU
		{6C69BCDF-1252-463B-AFAC-4E2B2016B08A}.Release|Any CPU.ActiveCfg = Release|Any CPU
		{6C69BCDF-1252-463B-AFAC-4E2B2016B08A}.Release|Any CPU.Build.0 = Release|Any CPU
		{8005142E-0997-43F9-98DA-CFE3C8B4503D}.Debug|Any CPU.ActiveCfg = Debug|Any CPU
		{8005142E-0997-43F9-98DA-CFE3C8B4503D}.Debug|Any CPU.Build.0 = Debug|Any CPU
		{8005142E-0997-43F9-98DA-CFE3C8B4503D}.Release|Any CPU.ActiveCfg = Release|Any CPU
		{8005142E-0997-43F9-98DA-CFE3C8B4503D}.Release|Any CPU.Build.0 = Release|Any CPU
		{56136DB4-B287-4669-BABC-9BE9895D5F13}.Debug|Any CPU.ActiveCfg = Debug|Any CPU
		{56136DB4-B287-4669-BABC-9BE9895D5F13}.Debug|Any CPU.Build.0 = Debug|Any CPU
		{56136DB4-B287-4669-BABC-9BE9895D5F13}.Release|Any CPU.ActiveCfg = Release|Any CPU
		{56136DB4-B287-4669-BABC-9BE9895D5F13}.Release|Any CPU.Build.0 = Release|Any CPU
		{1499D6AB-40DF-4949-B7C3-4B1A02B6BCA2}.Debug|Any CPU.ActiveCfg = Debug|Any CPU
		{1499D6AB-40DF-4949-B7C3-4B1A02B6BCA2}.Debug|Any CPU.Build.0 = Debug|Any CPU
		{1499D6AB-40DF-4949-B7C3-4B1A02B6BCA2}.Release|Any CPU.ActiveCfg = Release|Any CPU
		{1499D6AB-40DF-4949-B7C3-4B1A02B6BCA2}.Release|Any CPU.Build.0 = Release|Any CPU
	EndGlobalSection
	GlobalSection(SolutionProperties) = preSolution
		HideSolutionNode = FALSE
	EndGlobalSection
	GlobalSection(ExtensibilityGlobals) = postSolution
		SolutionGuid = {02573007-0C9F-4DB9-91F7-57793ADAABC9}
	EndGlobalSection
EndGlobal
